
Microsoft Visual Studio Solution File, Format Version 12.00
# Visual Studio Version 17
VisualStudioVersion = 17.12.35707.178 d17.12
MinimumVisualStudioVersion = 10.0.40219.1
Project("{FAE04EC0-301F-11D3-BF4B-00C04F79EFBC}") = "FileUploadAPI", "FileUploadAPI\FileUploadAPI.csproj", "{988339C9-4ED4-462A-A308-A48CB8E19524}"
EndProject
Project("{FAE04EC0-301F-11D3-BF4B-00C04F79EFBC}") = "FileUploadAPI.Tests", "FileUploadAPI.Tests\FileUploadAPI.Tests.csproj", "{911F1EC0-A42E-44E3-9992-A74AC2225593}"
EndProject
Global
	GlobalSection(SolutionConfigurationPlatforms) = preSolution
		Debug|Any CPU = Debug|Any CPU
		Release|Any CPU = Release|Any CPU
	EndGlobalSection
	GlobalSection(ProjectConfigurationPlatforms) = postSolution
		{988339C9-4ED4-462A-A308-A48CB8E19524}.Debug|Any CPU.ActiveCfg = Debug|Any CPU
		{988339C9-4ED4-462A-A308-A48CB8E19524}.Debug|Any CPU.Build.0 = Debug|Any CPU
		{988339C9-4ED4-462A-A308-A48CB8E19524}.Release|Any CPU.ActiveCfg = Release|Any CPU
		{988339C9-4ED4-462A-A308-A48CB8E19524}.Release|Any CPU.Build.0 = Release|Any CPU
		{911F1EC0-A42E-44E3-9992-A74AC2225593}.Debug|Any CPU.ActiveCfg = Debug|Any CPU
		{911F1EC0-A42E-44E3-9992-A74AC2225593}.Debug|Any CPU.Build.0 = Debug|Any CPU
		{911F1EC0-A42E-44E3-9992-A74AC2225593}.Release|Any CPU.ActiveCfg = Release|Any CPU
		{911F1EC0-A42E-44E3-9992-A74AC2225593}.Release|Any CPU.Build.0 = Release|Any CPU
	EndGlobalSection
	GlobalSection(SolutionProperties) = preSolution
		HideSolutionNode = FALSE
	EndGlobalSection
EndGlobal
